// !$*UTF8*$!
{
	archiveVersion = 1;
	classes = {
	};
	objectVersion = 46;
	objects = {

/* Begin PBXBuildFile section */
		4AED760F1CD377E900FFF144 /* AppDelegate.swift in Sources */ = {isa = PBXBuildFile; fileRef = 4AED760E1CD377E900FFF144 /* AppDelegate.swift */; };
		4AED76111CD377E900FFF144 /* ViewController.swift in Sources */ = {isa = PBXBuildFile; fileRef = 4AED76101CD377E900FFF144 /* ViewController.swift */; };
		4AED76141CD377E900FFF144 /* Main.storyboard in Resources */ = {isa = PBXBuildFile; fileRef = 4AED76121CD377E900FFF144 /* Main.storyboard */; };
		4AED76161CD377E900FFF144 /* Assets.xcassets in Resources */ = {isa = PBXBuildFile; fileRef = 4AED76151CD377E900FFF144 /* Assets.xcassets */; };
		4AED76191CD377E900FFF144 /* LaunchScreen.storyboard in Resources */ = {isa = PBXBuildFile; fileRef = 4AED76171CD377E900FFF144 /* LaunchScreen.storyboard */; };
/* End PBXBuildFile section */

/* Begin PBXFileReference section */
		4AED760B1CD377E900FFF144 /* Pokedex.app */ = {isa = PBXFileReference; explicitFileType = wrapper.application; includeInIndex = 0; path = Pokedex.app; sourceTree = BUILT_PRODUCTS_DIR; };
		4AED760E1CD377E900FFF144 /* AppDelegate.swift */ = {isa = PBXFileReference; lastKnownFileType = sourcecode.swift; path = AppDelegate.swift; sourceTree = "<group>"; };
		4AED76101CD377E900FFF144 /* ViewController.swift */ = {isa = PBXFileReference; lastKnownFileType = sourcecode.swift; path = ViewController.swift; sourceTree = "<group>"; };
		4AED76131CD377E900FFF144 /* Base */ = {isa = PBXFileReference; lastKnownFileType = file.storyboard; name = Base; path = Base.lproj/Main.storyboard; sourceTree = "<group>"; };
		4AED76151CD377E900FFF144 /* Assets.xcassets */ = {isa = PBXFileReference; lastKnownFileType = folder.assetcatalog; path = Assets.xcassets; sourceTree = "<group>"; };
		4AED76181CD377E900FFF144 /* Base */ = {isa = PBXFileReference; lastKnownFileType = file.storyboard; name = Base; path = Base.lproj/LaunchScreen.storyboard; sourceTree = "<group>"; };
		4AED761A1CD377E900FFF144 /* Info.plist */ = {isa = PBXFileReference; lastKnownFileType = text.plist.xml; path = Info.plist; sourceTree = "<group>"; };
/* End PBXFileReference section */

/* Begin PBXFrameworksBuildPhase section */
		4AED76081CD377E900FFF144 /* Frameworks */ = {
			isa = PBXFrameworksBuildPhase;
			buildActionMask = 2147483647;
			files = (
			);
			runOnlyForDeploymentPostprocessing = 0;
		};
/* End PBXFrameworksBuildPhase section */

/* Begin PBXGroup section */
		4AED76021CD377E900FFF144 = {
			isa = PBXGroup;
			children = (
				4AED760D1CD377E900FFF144 /* Pokedex */,
				4AED760C1CD377E900FFF144 /* Products */,
			);
			sourceTree = "<group>";
		};
		4AED760C1CD377E900FFF144 /* Products */ = {
			isa = PBXGroup;
			children = (
				4AED760B1CD377E900FFF144 /* Pokedex.app */,
			);
			name = Products;
			sourceTree = "<group>";
		};
		4AED760D1CD377E900FFF144 /* Pokedex */ = {
			isa = PBXGroup;
			children = (
				4AED76231CD377FC00FFF144 /* Model */,
				4AED76221CD377F900FFF144 /* View */,
				4AED76211CD377F500FFF144 /* Controller */,
				4AED76201CD377EE00FFF144 /* Utilities */,
			);
			path = Pokedex;
			sourceTree = "<group>";
		};
		4AED76201CD377EE00FFF144 /* Utilities */ = {
			isa = PBXGroup;
			children = (
				4AED760E1CD377E900FFF144 /* AppDelegate.swift */,
				4AED761A1CD377E900FFF144 /* Info.plist */,
			);
			name = Utilities;
			sourceTree = "<group>";
		};
		4AED76211CD377F500FFF144 /* Controller */ = {
			isa = PBXGroup;
			children = (
				4AED76101CD377E900FFF144 /* ViewController.swift */,
			);
			name = Controller;
			sourceTree = "<group>";
		};
		4AED76221CD377F900FFF144 /* View */ = {
			isa = PBXGroup;
			children = (
				4AED76121CD377E900FFF144 /* Main.storyboard */,
				4AED76171CD377E900FFF144 /* LaunchScreen.storyboard */,
				4AED76151CD377E900FFF144 /* Assets.xcassets */,
			);
			name = View;
			sourceTree = "<group>";
		};
		4AED76231CD377FC00FFF144 /* Model */ = {
			isa = PBXGroup;
			children = (
			);
			name = Model;
			sourceTree = "<group>";
		};
/* End PBXGroup section */

/* Begin PBXNativeTarget section */
		4AED760A1CD377E900FFF144 /* Pokedex */ = {
			isa = PBXNativeTarget;
			buildConfigurationList = 4AED761D1CD377E900FFF144 /* Build configuration list for PBXNativeTarget "Pokedex" */;
			buildPhases = (
				4AED76071CD377E900FFF144 /* Sources */,
				4AED76081CD377E900FFF144 /* Frameworks */,
				4AED76091CD377E900FFF144 /* Resources */,
			);
			buildRules = (
			);
			dependencies = (
			);
			name = Pokedex;
			productName = Pokedex;
			productReference = 4AED760B1CD377E900FFF144 /* Pokedex.app */;
			productType = "com.apple.product-type.application";
		};
/* End PBXNativeTarget section */

/* Begin PBXProject section */
		4AED76031CD377E900FFF144 /* Project object */ = {
			isa = PBXProject;
			attributes = {
				LastSwiftUpdateCheck = 0720;
				LastUpgradeCheck = 0720;
				ORGANIZATIONNAME = FrontierGroup;
				TargetAttributes = {
					4AED760A1CD377E900FFF144 = {
						CreatedOnToolsVersion = 7.2.1;
					};
				};
			};
			buildConfigurationList = 4AED76061CD377E900FFF144 /* Build configuration list for PBXProject "Pokedex" */;
			compatibilityVersion = "Xcode 3.2";
			developmentRegion = English;
			hasScannedForEncodings = 0;
			knownRegions = (
				en,
				Base,
			);
			mainGroup = 4AED76021CD377E900FFF144;
			productRefGroup = 4AED760C1CD377E900FFF144 /* Products */;
			projectDirPath = "";
			projectRoot = "";
			targets = (
				4AED760A1CD377E900FFF144 /* Pokedex */,
			);
		};
/* End PBXProject section */

/* Begin PBXResourcesBuildPhase section */
		4AED76091CD377E900FFF144 /* Resources */ = {
			isa = PBXResourcesBuildPhase;
			buildActionMask = 2147483647;
			files = (
				4AED76191CD377E900FFF144 /* LaunchScreen.storyboard in Resources */,
				4AED76161CD377E900FFF144 /* Assets.xcassets in Resources */,
				4AED76141CD377E900FFF144 /* Main.storyboard in Resources */,
			);
			runOnlyForDeploymentPostprocessing = 0;
		};
/* End PBXResourcesBuildPhase section */

/* Begin PBXSourcesBuildPhase section */
		4AED76071CD377E900FFF144 /* Sources */ = {
			isa = PBXSourcesBuildPhase;
			buildActionMask = 2147483647;
			files = (
				4AED76111CD377E900FFF144 /* ViewController.swift in Sources */,
				4AED760F1CD377E900FFF144 /* AppDelegate.swift in Sources */,
			);
			runOnlyForDeploymentPostprocessing = 0;
		};
/* End PBXSourcesBuildPhase section */

/* Begin PBXVariantGroup section */
		4AED76121CD377E900FFF144 /* Main.storyboard */ = {
			isa = PBXVariantGroup;
			children = (
				4AED76131CD377E900FFF144 /* Base */,
			);
			name = Main.storyboard;
			sourceTree = "<group>";
		};
		4AED76171CD377E900FFF144 /* LaunchScreen.storyboard */ = {
			isa = PBXVariantGroup;
			children = (
				4AED76181CD377E900FFF144 /* Base */,
			);
			name = LaunchScreen.storyboard;
			sourceTree = "<group>";
		};
/* End PBXVariantGroup section */

/* Begin XCBuildConfiguration section */
		4AED761B1CD377E900FFF144 /* Debug */ = {
			isa = XCBuildConfiguration;
			buildSettings = {
				ALWAYS_SEARCH_USER_PATHS = NO;
				CLANG_CXX_LANGUAGE_STANDARD = "gnu++0x";
				CLANG_CXX_LIBRARY = "libc++";
				CLANG_ENABLE_MODULES = YES;
				CLANG_ENABLE_OBJC_ARC = YES;
				CLANG_WARN_BOOL_CONVERSION = YES;
				CLANG_WARN_CONSTANT_CONVERSION = YES;
				CLANG_WARN_DIRECT_OBJC_ISA_USAGE = YES_ERROR;
				CLANG_WARN_EMPTY_BODY = YES;
				CLANG_WARN_ENUM_CONVERSION = YES;
				CLANG_WARN_INT_CONVERSION = YES;
				CLANG_WARN_OBJC_ROOT_CLASS = YES_ERROR;
				CLANG_WARN_UNREACHABLE_CODE = YES;
				CLANG_WARN__DUPLICATE_METHOD_MATCH = YES;
				"CODE_SIGN_IDENTITY[sdk=iphoneos*]" = "iPhone Developer";
				COPY_PHASE_STRIP = NO;
				DEBUG_INFORMATION_FORMAT = dwarf;
				ENABLE_STRICT_OBJC_MSGSEND = YES;
				ENABLE_TESTABILITY = YES;
				GCC_C_LANGUAGE_STANDARD = gnu99;
				GCC_DYNAMIC_NO_PIC = NO;
				GCC_NO_COMMON_BLOCKS = YES;
				GCC_OPTIMIZATION_LEVEL = 0;
				GCC_PREPROCESSOR_DEFINITIONS = (
					"DEBUG=1",
					"$(inherited)",
				);
				GCC_WARN_64_TO_32_BIT_CONVERSION = YES;
				GCC_WARN_ABOUT_RETURN_TYPE = YES_ERROR;
				GCC_WARN_UNDECLARED_SELECTOR = YES;
				GCC_WARN_UNINITIALIZED_AUTOS = YES_AGGRESSIVE;
				GCC_WARN_UNUSED_FUNCTION = YES;
				GCC_WARN_UNUSED_VARIABLE = YES;
				IPHONEOS_DEPLOYMENT_TARGET = 9.2;
				MTL_ENABLE_DEBUG_INFO = YES;
				ONLY_ACTIVE_ARCH = YES;
				SDKROOT = iphoneos;
				SWIFT_OPTIMIZATION_LEVEL = "-Onone";
				TARGETED_DEVICE_FAMILY = "1,2";
			};
			name = Debug;
		};
		4AED761C1CD377E900FFF144 /* Release */ = {
			isa = XCBuildConfiguration;
			buildSettings = {
				ALWAYS_SEARCH_USER_PATHS = NO;
				CLANG_CXX_LANGUAGE_STANDARD = "gnu++0x";
				CLANG_CXX_LIBRARY = "libc++";
				CLANG_ENABLE_MODULES = YES;
				CLANG_ENABLE_OBJC_ARC = YES;
				CLANG_WARN_BOOL_CONVERSION = YES;
				CLANG_WARN_CONSTANT_CONVERSION = YES;
				CLANG_WARN_DIRECT_OBJC_ISA_USAGE = YES_ERROR;
				CLANG_WARN_EMPTY_BODY = YES;
				CLANG_WARN_ENUM_CONVERSION = YES;
				CLANG_WARN_INT_CONVERSION = YES;
				CLANG_WARN_OBJC_ROOT_CLASS = YES_ERROR;
				CLANG_WARN_UNREACHABLE_CODE = YES;
				CLANG_WARN__DUPLICATE_METHOD_MATCH = YES;
				"CODE_SIGN_IDENTITY[sdk=iphoneos*]" = "iPhone Developer";
				COPY_PHASE_STRIP = NO;
				DEBUG_INFORMATION_FORMAT = "dwarf-with-dsym";
				ENABLE_NS_ASSERTIONS = NO;
				ENABLE_STRICT_OBJC_MSGSEND = YES;
				GCC_C_LANGUAGE_STANDARD = gnu99;
				GCC_NO_COMMON_BLOCKS = YES;
				GCC_WARN_64_TO_32_BIT_CONVERSION = YES;
				GCC_WARN_ABOUT_RETURN_TYPE = YES_ERROR;
				GCC_WARN_UNDECLARED_SELECTOR = YES;
				GCC_WARN_UNINITIALIZED_AUTOS = YES_AGGRESSIVE;
				GCC_WARN_UNUSED_FUNCTION = YES;
				GCC_WARN_UNUSED_VARIABLE = YES;
				IPHONEOS_DEPLOYMENT_TARGET = 9.2;
				MTL_ENABLE_DEBUG_INFO = NO;
				SDKROOT = iphoneos;
				TARGETED_DEVICE_FAMILY = "1,2";
				VALIDATE_PRODUCT = YES;
			};
			name = Release;
		};
		4AED761E1CD377E900FFF144 /* Debug */ = {
			isa = XCBuildConfiguration;
			buildSettings = {
				ASSETCATALOG_COMPILER_APPICON_NAME = AppIcon;
				INFOPLIST_FILE = Pokedex/Info.plist;
				LD_RUNPATH_SEARCH_PATHS = "$(inherited) @executable_path/Frameworks";
				PRODUCT_BUNDLE_IDENTIFIER = com.FrontierGroup.Pokedex;
				PRODUCT_NAME = "$(TARGET_NAME)";
			};
			name = Debug;
		};
		4AED761F1CD377E900FFF144 /* Release */ = {
			isa = XCBuildConfiguration;
			buildSettings = {
				ASSETCATALOG_COMPILER_APPICON_NAME = AppIcon;
				INFOPLIST_FILE = Pokedex/Info.plist;
				LD_RUNPATH_SEARCH_PATHS = "$(inherited) @executable_path/Frameworks";
				PRODUCT_BUNDLE_IDENTIFIER = com.FrontierGroup.Pokedex;
				PRODUCT_NAME = "$(TARGET_NAME)";
			};
			name = Release;
		};
/* End XCBuildConfiguration section */

/* Begin XCConfigurationList section */
		4AED76061CD377E900FFF144 /* Build configuration list for PBXProject "Pokedex" */ = {
			isa = XCConfigurationList;
			buildConfigurations = (
				4AED761B1CD377E900FFF144 /* Debug */,
				4AED761C1CD377E900FFF144 /* Release */,
			);
			defaultConfigurationIsVisible = 0;
			defaultConfigurationName = Release;
		};
		4AED761D1CD377E900FFF144 /* Build configuration list for PBXNativeTarget "Pokedex" */ = {
			isa = XCConfigurationList;
			buildConfigurations = (
				4AED761E1CD377E900FFF144 /* Debug */,
				4AED761F1CD377E900FFF144 /* Release */,
			);
			defaultConfigurationIsVisible = 0;
		};
/* End XCConfigurationList section */
	};
	rootObject = 4AED76031CD377E900FFF144 /* Project object */;
}
